
Microsoft Visual Studio Solution File, Format Version 12.00
# Visual Studio Version 16
VisualStudioVersion = 16.0.30011.22
MinimumVisualStudioVersion = 10.0.40219.1
Project("{FAE04EC0-301F-11D3-BF4B-00C04F79EFBC}") = "ConsoleApp", "samples\ConsoleApp\ConsoleApp.csproj", "{BC201AA5-9A5A-4BB5-AC86-DA3356F2532B}"
EndProject
Project("{FAE04EC0-301F-11D3-BF4B-00C04F79EFBC}") = "AzureFunction", "samples\AzureFunction\AzureFunction.csproj", "{EE55F3D8-A5CE-4CA6-934B-4D77827EA554}"
EndProject
Global
	GlobalSection(SolutionConfigurationPlatforms) = preSolution
		Debug|Any CPU = Debug|Any CPU
		Release|Any CPU = Release|Any CPU
	EndGlobalSection
	GlobalSection(ProjectConfigurationPlatforms) = postSolution
		{BC201AA5-9A5A-4BB5-AC86-DA3356F2532B}.Debug|Any CPU.ActiveCfg = Debug|Any CPU
		{BC201AA5-9A5A-4BB5-AC86-DA3356F2532B}.Debug|Any CPU.Build.0 = Debug|Any CPU
		{BC201AA5-9A5A-4BB5-AC86-DA3356F2532B}.Release|Any CPU.ActiveCfg = Release|Any CPU
		{BC201AA5-9A5A-4BB5-AC86-DA3356F2532B}.Release|Any CPU.Build.0 = Release|Any CPU
		{EE55F3D8-A5CE-4CA6-934B-4D77827EA554}.Debug|Any CPU.ActiveCfg = Debug|Any CPU
		{EE55F3D8-A5CE-4CA6-934B-4D77827EA554}.Debug|Any CPU.Build.0 = Debug|Any CPU
		{EE55F3D8-A5CE-4CA6-934B-4D77827EA554}.Release|Any CPU.ActiveCfg = Release|Any CPU
		{EE55F3D8-A5CE-4CA6-934B-4D77827EA554}.Release|Any CPU.Build.0 = Release|Any CPU
	EndGlobalSection
	GlobalSection(SolutionProperties) = preSolution
		HideSolutionNode = FALSE
	EndGlobalSection
	GlobalSection(ExtensibilityGlobals) = postSolution
		SolutionGuid = {E295EC84-3836-417B-B24C-D1756033D5BD}
	EndGlobalSection
EndGlobal
